// !$*UTF8*$!
{
	archiveVersion = 1;
	classes = {
	};
	objectVersion = 52;
	objects = {

/* Begin PBXBuildFile section */
		2359337D2549A64D00A70291 /* Injection.swift in Sources */ = {isa = PBXBuildFile; fileRef = 2359337C2549A64D00A70291 /* Injection.swift */; };
		235933862549B2F600A70291 /* LargeCollectionNode.swift in Sources */ = {isa = PBXBuildFile; fileRef = 235933852549B2F600A70291 /* LargeCollectionNode.swift */; };
		2359338A2549B5A600A70291 /* LargeCellNode.swift in Sources */ = {isa = PBXBuildFile; fileRef = 235933892549B5A600A70291 /* LargeCellNode.swift */; };
		2359338D2549B6E200A70291 /* AppCoordinator.swift in Sources */ = {isa = PBXBuildFile; fileRef = 2359338C2549B6E200A70291 /* AppCoordinator.swift */; };
		235933972549C5E900A70291 /* LargeSection.swift in Sources */ = {isa = PBXBuildFile; fileRef = 235933962549C5E900A70291 /* LargeSection.swift */; };
		23647CB72555326800E6C11A /* WatchlistEntity.swift in Sources */ = {isa = PBXBuildFile; fileRef = 23647CB62555326800E6C11A /* WatchlistEntity.swift */; };
		23674E822548236900AB7EEC /* APICall.swift in Sources */ = {isa = PBXBuildFile; fileRef = 23674E812548236900AB7EEC /* APICall.swift */; };
		23674E872548275200AB7EEC /* MovieEntity.swift in Sources */ = {isa = PBXBuildFile; fileRef = 23674E862548275200AB7EEC /* MovieEntity.swift */; };
		23674E8B2548283F00AB7EEC /* MovieResponse.swift in Sources */ = {isa = PBXBuildFile; fileRef = 23674E8A2548283F00AB7EEC /* MovieResponse.swift */; };
		23674E8E2548289500AB7EEC /* RemoteDataSource.swift in Sources */ = {isa = PBXBuildFile; fileRef = 23674E8D2548289500AB7EEC /* RemoteDataSource.swift */; };
		23674E9125482AE500AB7EEC /* MoviesRepository.swift in Sources */ = {isa = PBXBuildFile; fileRef = 23674E9025482AE500AB7EEC /* MoviesRepository.swift */; };
		23674E9525482DB700AB7EEC /* MovieMapper.swift in Sources */ = {isa = PBXBuildFile; fileRef = 23674E9425482DB700AB7EEC /* MovieMapper.swift */; };
		23674E9A25482E4700AB7EEC /* HomeInteractor.swift in Sources */ = {isa = PBXBuildFile; fileRef = 23674E9925482E4700AB7EEC /* HomeInteractor.swift */; };
		23674E9E25482EDF00AB7EEC /* HomePresenter.swift in Sources */ = {isa = PBXBuildFile; fileRef = 23674E9D25482EDF00AB7EEC /* HomePresenter.swift */; };
		236ACDE9254C523B00A73E1B /* WatchlistDataSource.swift in Sources */ = {isa = PBXBuildFile; fileRef = 236ACDE8254C523B00A73E1B /* WatchlistDataSource.swift */; };
		236ACDEC254C542A00A73E1B /* WatchlistRepository.swift in Sources */ = {isa = PBXBuildFile; fileRef = 236ACDEB254C542A00A73E1B /* WatchlistRepository.swift */; };
		236ACDF1254C552500A73E1B /* WatchlistInteractor.swift in Sources */ = {isa = PBXBuildFile; fileRef = 236ACDF0254C552500A73E1B /* WatchlistInteractor.swift */; };
		236BB78D254BC17400A9E04D /* String+ext.swift in Sources */ = {isa = PBXBuildFile; fileRef = 236BB78C254BC17400A9E04D /* String+ext.swift */; };
		236BB791254BC7E900A9E04D /* TopNode.swift in Sources */ = {isa = PBXBuildFile; fileRef = 236BB790254BC7E900A9E04D /* TopNode.swift */; };
		236BB795254BE53300A9E04D /* Array+ext.swift in Sources */ = {isa = PBXBuildFile; fileRef = 236BB794254BE53300A9E04D /* Array+ext.swift */; };
		236BB799254BE55300A9E04D /* MiddleNode.swift in Sources */ = {isa = PBXBuildFile; fileRef = 236BB798254BE55300A9E04D /* MiddleNode.swift */; };
		236BB79D254BE55E00A9E04D /* BottomNode.swift in Sources */ = {isa = PBXBuildFile; fileRef = 236BB79C254BE55E00A9E04D /* BottomNode.swift */; };
		236BB7A4254BEEE400A9E04D /* SearchPresenter.swift in Sources */ = {isa = PBXBuildFile; fileRef = 236BB7A3254BEEE400A9E04D /* SearchPresenter.swift */; };
		236BB7A7254BEEEC00A9E04D /* SearchViewController.swift in Sources */ = {isa = PBXBuildFile; fileRef = 236BB7A6254BEEEC00A9E04D /* SearchViewController.swift */; };
		236BB7AA254BEEF200A9E04D /* SearchRouter.swift in Sources */ = {isa = PBXBuildFile; fileRef = 236BB7A9254BEEF200A9E04D /* SearchRouter.swift */; };
		236BB7AD254BEEFC00A9E04D /* ProfilePresenter.swift in Sources */ = {isa = PBXBuildFile; fileRef = 236BB7AC254BEEFC00A9E04D /* ProfilePresenter.swift */; };
		236BB7B0254BEF0700A9E04D /* ProfileViewController.swift in Sources */ = {isa = PBXBuildFile; fileRef = 236BB7AF254BEF0700A9E04D /* ProfileViewController.swift */; };
		236BB7B6254BEFA900A9E04D /* WatchlistPresenter.swift in Sources */ = {isa = PBXBuildFile; fileRef = 236BB7B5254BEFA900A9E04D /* WatchlistPresenter.swift */; };
		236BB7BA254BEFB500A9E04D /* WatchlistViewController.swift in Sources */ = {isa = PBXBuildFile; fileRef = 236BB7B9254BEFB500A9E04D /* WatchlistViewController.swift */; };
		236BB7BD254BEFE200A9E04D /* WatchlistRouter.swift in Sources */ = {isa = PBXBuildFile; fileRef = 236BB7BC254BEFE200A9E04D /* WatchlistRouter.swift */; };
		236BB7C0254BF4F500A9E04D /* SearchDataSource.swift in Sources */ = {isa = PBXBuildFile; fileRef = 236BB7BF254BF4F500A9E04D /* SearchDataSource.swift */; };
		236BB7C3254BF6B400A9E04D /* SearchMoviesRepository.swift in Sources */ = {isa = PBXBuildFile; fileRef = 236BB7C2254BF6B400A9E04D /* SearchMoviesRepository.swift */; };
		236BB7C6254BF78B00A9E04D /* SearchInteractor.swift in Sources */ = {isa = PBXBuildFile; fileRef = 236BB7C5254BF78B00A9E04D /* SearchInteractor.swift */; };
		237A758C254941AE00AD5C4C /* HomeRouter.swift in Sources */ = {isa = PBXBuildFile; fileRef = 237A758B254941AE00AD5C4C /* HomeRouter.swift */; };
		238674BB254D36E4008A8111 /* HighlightNode.swift in Sources */ = {isa = PBXBuildFile; fileRef = 238674BA254D36E4008A8111 /* HighlightNode.swift */; };
		238674BE254D3701008A8111 /* ProfileCellNode.swift in Sources */ = {isa = PBXBuildFile; fileRef = 238674BD254D3701008A8111 /* ProfileCellNode.swift */; };
		238674D8254D38C7008A8111 /* ProfileDataSource.swift in Sources */ = {isa = PBXBuildFile; fileRef = 238674D7254D38C7008A8111 /* ProfileDataSource.swift */; };
		2393F10225559F8400089D1B /* MovieModel.swift in Sources */ = {isa = PBXBuildFile; fileRef = 2393F10125559F8400089D1B /* MovieModel.swift */; };
		2393F10525559F9200089D1B /* DetailModel.swift in Sources */ = {isa = PBXBuildFile; fileRef = 2393F10425559F9200089D1B /* DetailModel.swift */; };
		2393F10825559F9700089D1B /* ProfileModel.swift in Sources */ = {isa = PBXBuildFile; fileRef = 2393F10725559F9700089D1B /* ProfileModel.swift */; };
		2393F10B25559F9D00089D1B /* WatchlistModel.swift in Sources */ = {isa = PBXBuildFile; fileRef = 2393F10A25559F9D00089D1B /* WatchlistModel.swift */; };
		23944EFB254C751700B0D67C /* HapticService.swift in Sources */ = {isa = PBXBuildFile; fileRef = 23944EFA254C751700B0D67C /* HapticService.swift */; };
		23B9D1EA254AECB900A5DAAD /* SeeAllPresenter.swift in Sources */ = {isa = PBXBuildFile; fileRef = 23B9D1E9254AECB900A5DAAD /* SeeAllPresenter.swift */; };
		23B9D1EE254AEDB700A5DAAD /* SeeAllRouter.swift in Sources */ = {isa = PBXBuildFile; fileRef = 23B9D1ED254AEDB700A5DAAD /* SeeAllRouter.swift */; };
		23B9D1F1254AEDEE00A5DAAD /* SeeAllInteractor.swift in Sources */ = {isa = PBXBuildFile; fileRef = 23B9D1F0254AEDEE00A5DAAD /* SeeAllInteractor.swift */; };
		23D478B225480B1800958D99 /* AppDelegate.swift in Sources */ = {isa = PBXBuildFile; fileRef = 23D478B125480B1800958D99 /* AppDelegate.swift */; };
		23D478B425480B1800958D99 /* SceneDelegate.swift in Sources */ = {isa = PBXBuildFile; fileRef = 23D478B325480B1800958D99 /* SceneDelegate.swift */; };
		23D478B625480B1800958D99 /* HomeViewController.swift in Sources */ = {isa = PBXBuildFile; fileRef = 23D478B525480B1800958D99 /* HomeViewController.swift */; };
		23D478BB25480B1A00958D99 /* Assets.xcassets in Resources */ = {isa = PBXBuildFile; fileRef = 23D478BA25480B1A00958D99 /* Assets.xcassets */; };
		23D478BE25480B1A00958D99 /* LaunchScreen.storyboard in Resources */ = {isa = PBXBuildFile; fileRef = 23D478BC25480B1A00958D99 /* LaunchScreen.storyboard */; };
		23D478D425480D5C00958D99 /* RxCocoa in Frameworks */ = {isa = PBXBuildFile; productRef = 23D478D325480D5C00958D99 /* RxCocoa */; };
		23D478D625480D5C00958D99 /* RxSwift in Frameworks */ = {isa = PBXBuildFile; productRef = 23D478D525480D5C00958D99 /* RxSwift */; };
		23D478DB25480F5E00958D99 /* Alamofire in Frameworks */ = {isa = PBXBuildFile; productRef = 23D478DA25480F5E00958D99 /* Alamofire */; };
		23D478E02548105400958D99 /* .swiftlint.yml in Resources */ = {isa = PBXBuildFile; fileRef = 23D478DF2548105400958D99 /* .swiftlint.yml */; };
		23EAFF7E254D39860076DAB3 /* ProfileResponse.swift in Sources */ = {isa = PBXBuildFile; fileRef = 23EAFF7D254D39860076DAB3 /* ProfileResponse.swift */; };
		23EAFF81254D399A0076DAB3 /* ProfileEntity.swift in Sources */ = {isa = PBXBuildFile; fileRef = 23EAFF80254D399A0076DAB3 /* ProfileEntity.swift */; };
		23EAFF84254D3A370076DAB3 /* UserDefaultService.swift in Sources */ = {isa = PBXBuildFile; fileRef = 23EAFF83254D3A370076DAB3 /* UserDefaultService.swift */; };
		23EAFF89254D3D710076DAB3 /* ProfileRepository.swift in Sources */ = {isa = PBXBuildFile; fileRef = 23EAFF88254D3D710076DAB3 /* ProfileRepository.swift */; };
		23EAFF9E254D47440076DAB3 /* ProfileInteractor.swift in Sources */ = {isa = PBXBuildFile; fileRef = 23EAFF9D254D47440076DAB3 /* ProfileInteractor.swift */; };
		23F55264254A69700086BB62 /* MediumSection.swift in Sources */ = {isa = PBXBuildFile; fileRef = 23F55263254A69700086BB62 /* MediumSection.swift */; };
		23F55268254A6A1B0086BB62 /* MediumCollectionNode.swift in Sources */ = {isa = PBXBuildFile; fileRef = 23F55267254A6A1B0086BB62 /* MediumCollectionNode.swift */; };
		23F5526B254A6A260086BB62 /* MediumCellNode.swift in Sources */ = {isa = PBXBuildFile; fileRef = 23F5526A254A6A260086BB62 /* MediumCellNode.swift */; };
		23F5526F254A6E830086BB62 /* NSAttributedString+ext.swift in Sources */ = {isa = PBXBuildFile; fileRef = 23F5526E254A6E830086BB62 /* NSAttributedString+ext.swift */; };
		23F5528A254A8BCC0086BB62 /* GridCollectionNode.swift in Sources */ = {isa = PBXBuildFile; fileRef = 23F55289254A8BCC0086BB62 /* GridCollectionNode.swift */; };
		23F5528D254A8BD40086BB62 /* GridCellNode.swift in Sources */ = {isa = PBXBuildFile; fileRef = 23F5528C254A8BD40086BB62 /* GridCellNode.swift */; };
		23F55291254A903D0086BB62 /* SmallSection.swift in Sources */ = {isa = PBXBuildFile; fileRef = 23F55290254A903D0086BB62 /* SmallSection.swift */; };
		23F55295254A90450086BB62 /* SmallCollectionNode.swift in Sources */ = {isa = PBXBuildFile; fileRef = 23F55294254A90450086BB62 /* SmallCollectionNode.swift */; };
		23F55298254A904B0086BB62 /* SmallCellNode.swift in Sources */ = {isa = PBXBuildFile; fileRef = 23F55297254A904B0086BB62 /* SmallCellNode.swift */; };
		23F552A2254A93B70086BB62 /* DetailInteractor.swift in Sources */ = {isa = PBXBuildFile; fileRef = 23F552A1254A93B70086BB62 /* DetailInteractor.swift */; };
		23F552A5254A940C0086BB62 /* DetailPresenter.swift in Sources */ = {isa = PBXBuildFile; fileRef = 23F552A4254A940C0086BB62 /* DetailPresenter.swift */; };
		23F552B0254A970D0086BB62 /* DetailMovieResponse.swift in Sources */ = {isa = PBXBuildFile; fileRef = 23F552AF254A970D0086BB62 /* DetailMovieResponse.swift */; };
		23F552B4254A98E50086BB62 /* DetailDataSource.swift in Sources */ = {isa = PBXBuildFile; fileRef = 23F552B3254A98E50086BB62 /* DetailDataSource.swift */; };
		23F552B7254A9B640086BB62 /* DetailEntity.swift in Sources */ = {isa = PBXBuildFile; fileRef = 23F552B6254A9B640086BB62 /* DetailEntity.swift */; };
		23F552BA254A9C100086BB62 /* DetailMovieRepository.swift in Sources */ = {isa = PBXBuildFile; fileRef = 23F552B9254A9C100086BB62 /* DetailMovieRepository.swift */; };
		23F552C0254AA1150086BB62 /* DetailViewController.swift in Sources */ = {isa = PBXBuildFile; fileRef = 23F552BF254AA1150086BB62 /* DetailViewController.swift */; };
		23F7DCFB254C252B00D86A2B /* SDWebImage in Frameworks */ = {isa = PBXBuildFile; productRef = 23F7DCFA254C252B00D86A2B /* SDWebImage */; };
		23F7DCFE254C265900D86A2B /* MovieRowCell.swift in Sources */ = {isa = PBXBuildFile; fileRef = 23F7DCFD254C265900D86A2B /* MovieRowCell.swift */; };
		23F7DD01254C26D400D86A2B /* UIView+ext.swift in Sources */ = {isa = PBXBuildFile; fileRef = 23F7DD00254C26D400D86A2B /* UIView+ext.swift */; };
		23F7DD08254C33B900D86A2B /* CoreDataService.swift in Sources */ = {isa = PBXBuildFile; fileRef = 23F7DD07254C33B900D86A2B /* CoreDataService.swift */; };
		23F7DD0D254C350800D86A2B /* Submission-Capstone.xcdatamodeld in Sources */ = {isa = PBXBuildFile; fileRef = 23F7DD0B254C350800D86A2B /* Submission-Capstone.xcdatamodeld */; };
		32E29F9FE73478D540C88F99 /* Pods_Submission_Capstone.framework in Frameworks */ = {isa = PBXBuildFile; fileRef = EDEB7E65CA1A84C87F908DC4 /* Pods_Submission_Capstone.framework */; };
/* End PBXBuildFile section */

/* Begin PBXFileReference section */
		2359337C2549A64D00A70291 /* Injection.swift */ = {isa = PBXFileReference; lastKnownFileType = sourcecode.swift; path = Injection.swift; sourceTree = "<group>"; };
		235933852549B2F600A70291 /* LargeCollectionNode.swift */ = {isa = PBXFileReference; lastKnownFileType = sourcecode.swift; path = LargeCollectionNode.swift; sourceTree = "<group>"; };
		235933892549B5A600A70291 /* LargeCellNode.swift */ = {isa = PBXFileReference; lastKnownFileType = sourcecode.swift; path = LargeCellNode.swift; sourceTree = "<group>"; };
		2359338C2549B6E200A70291 /* AppCoordinator.swift */ = {isa = PBXFileReference; lastKnownFileType = sourcecode.swift; path = AppCoordinator.swift; sourceTree = "<group>"; };
		235933962549C5E900A70291 /* LargeSection.swift */ = {isa = PBXFileReference; lastKnownFileType = sourcecode.swift; path = LargeSection.swift; sourceTree = "<group>"; };
		23647CB62555326800E6C11A /* WatchlistEntity.swift */ = {isa = PBXFileReference; lastKnownFileType = sourcecode.swift; path = WatchlistEntity.swift; sourceTree = "<group>"; };
		23674E812548236900AB7EEC /* APICall.swift */ = {isa = PBXFileReference; lastKnownFileType = sourcecode.swift; path = APICall.swift; sourceTree = "<group>"; };
		23674E862548275200AB7EEC /* MovieEntity.swift */ = {isa = PBXFileReference; lastKnownFileType = sourcecode.swift; path = MovieEntity.swift; sourceTree = "<group>"; };
		23674E8A2548283F00AB7EEC /* MovieResponse.swift */ = {isa = PBXFileReference; lastKnownFileType = sourcecode.swift; path = MovieResponse.swift; sourceTree = "<group>"; };
		23674E8D2548289500AB7EEC /* RemoteDataSource.swift */ = {isa = PBXFileReference; lastKnownFileType = sourcecode.swift; path = RemoteDataSource.swift; sourceTree = "<group>"; };
		23674E9025482AE500AB7EEC /* MoviesRepository.swift */ = {isa = PBXFileReference; lastKnownFileType = sourcecode.swift; path = MoviesRepository.swift; sourceTree = "<group>"; };
		23674E9425482DB700AB7EEC /* MovieMapper.swift */ = {isa = PBXFileReference; lastKnownFileType = sourcecode.swift; path = MovieMapper.swift; sourceTree = "<group>"; };
		23674E9925482E4700AB7EEC /* HomeInteractor.swift */ = {isa = PBXFileReference; lastKnownFileType = sourcecode.swift; path = HomeInteractor.swift; sourceTree = "<group>"; };
		23674E9D25482EDF00AB7EEC /* HomePresenter.swift */ = {isa = PBXFileReference; lastKnownFileType = sourcecode.swift; path = HomePresenter.swift; sourceTree = "<group>"; };
		236ACDE8254C523B00A73E1B /* WatchlistDataSource.swift */ = {isa = PBXFileReference; lastKnownFileType = sourcecode.swift; path = WatchlistDataSource.swift; sourceTree = "<group>"; };
		236ACDEB254C542A00A73E1B /* WatchlistRepository.swift */ = {isa = PBXFileReference; lastKnownFileType = sourcecode.swift; path = WatchlistRepository.swift; sourceTree = "<group>"; };
		236ACDF0254C552500A73E1B /* WatchlistInteractor.swift */ = {isa = PBXFileReference; lastKnownFileType = sourcecode.swift; path = WatchlistInteractor.swift; sourceTree = "<group>"; };
		236BB78C254BC17400A9E04D /* String+ext.swift */ = {isa = PBXFileReference; lastKnownFileType = sourcecode.swift; path = "String+ext.swift"; sourceTree = "<group>"; };
		236BB790254BC7E900A9E04D /* TopNode.swift */ = {isa = PBXFileReference; lastKnownFileType = sourcecode.swift; path = TopNode.swift; sourceTree = "<group>"; };
		236BB794254BE53300A9E04D /* Array+ext.swift */ = {isa = PBXFileReference; lastKnownFileType = sourcecode.swift; path = "Array+ext.swift"; sourceTree = "<group>"; };
		236BB798254BE55300A9E04D /* MiddleNode.swift */ = {isa = PBXFileReference; lastKnownFileType = sourcecode.swift; path = MiddleNode.swift; sourceTree = "<group>"; };
		236BB79C254BE55E00A9E04D /* BottomNode.swift */ = {isa = PBXFileReference; lastKnownFileType = sourcecode.swift; path = BottomNode.swift; sourceTree = "<group>"; };
		236BB7A3254BEEE400A9E04D /* SearchPresenter.swift */ = {isa = PBXFileReference; lastKnownFileType = sourcecode.swift; path = SearchPresenter.swift; sourceTree = "<group>"; };
		236BB7A6254BEEEC00A9E04D /* SearchViewController.swift */ = {isa = PBXFileReference; lastKnownFileType = sourcecode.swift; path = SearchViewController.swift; sourceTree = "<group>"; };
		236BB7A9254BEEF200A9E04D /* SearchRouter.swift */ = {isa = PBXFileReference; lastKnownFileType = sourcecode.swift; path = SearchRouter.swift; sourceTree = "<group>"; };
		236BB7AC254BEEFC00A9E04D /* ProfilePresenter.swift */ = {isa = PBXFileReference; lastKnownFileType = sourcecode.swift; path = ProfilePresenter.swift; sourceTree = "<group>"; };
		236BB7AF254BEF0700A9E04D /* ProfileViewController.swift */ = {isa = PBXFileReference; lastKnownFileType = sourcecode.swift; path = ProfileViewController.swift; sourceTree = "<group>"; };
		236BB7B5254BEFA900A9E04D /* WatchlistPresenter.swift */ = {isa = PBXFileReference; lastKnownFileType = sourcecode.swift; path = WatchlistPresenter.swift; sourceTree = "<group>"; };
		236BB7B9254BEFB500A9E04D /* WatchlistViewController.swift */ = {isa = PBXFileReference; lastKnownFileType = sourcecode.swift; path = WatchlistViewController.swift; sourceTree = "<group>"; };
		236BB7BC254BEFE200A9E04D /* WatchlistRouter.swift */ = {isa = PBXFileReference; lastKnownFileType = sourcecode.swift; path = WatchlistRouter.swift; sourceTree = "<group>"; };
		236BB7BF254BF4F500A9E04D /* SearchDataSource.swift */ = {isa = PBXFileReference; lastKnownFileType = sourcecode.swift; path = SearchDataSource.swift; sourceTree = "<group>"; };
		236BB7C2254BF6B400A9E04D /* SearchMoviesRepository.swift */ = {isa = PBXFileReference; lastKnownFileType = sourcecode.swift; path = SearchMoviesRepository.swift; sourceTree = "<group>"; };
		236BB7C5254BF78B00A9E04D /* SearchInteractor.swift */ = {isa = PBXFileReference; lastKnownFileType = sourcecode.swift; path = SearchInteractor.swift; sourceTree = "<group>"; };
		237A758B254941AE00AD5C4C /* HomeRouter.swift */ = {isa = PBXFileReference; lastKnownFileType = sourcecode.swift; path = HomeRouter.swift; sourceTree = "<group>"; };
		238674BA254D36E4008A8111 /* HighlightNode.swift */ = {isa = PBXFileReference; lastKnownFileType = sourcecode.swift; path = HighlightNode.swift; sourceTree = "<group>"; };
		238674BD254D3701008A8111 /* ProfileCellNode.swift */ = {isa = PBXFileReference; lastKnownFileType = sourcecode.swift; path = ProfileCellNode.swift; sourceTree = "<group>"; };
		238674D7254D38C7008A8111 /* ProfileDataSource.swift */ = {isa = PBXFileReference; lastKnownFileType = sourcecode.swift; path = ProfileDataSource.swift; sourceTree = "<group>"; };
		2393F10125559F8400089D1B /* MovieModel.swift */ = {isa = PBXFileReference; lastKnownFileType = sourcecode.swift; path = MovieModel.swift; sourceTree = "<group>"; };
		2393F10425559F9200089D1B /* DetailModel.swift */ = {isa = PBXFileReference; lastKnownFileType = sourcecode.swift; path = DetailModel.swift; sourceTree = "<group>"; };
		2393F10725559F9700089D1B /* ProfileModel.swift */ = {isa = PBXFileReference; lastKnownFileType = sourcecode.swift; path = ProfileModel.swift; sourceTree = "<group>"; };
		2393F10A25559F9D00089D1B /* WatchlistModel.swift */ = {isa = PBXFileReference; lastKnownFileType = sourcecode.swift; path = WatchlistModel.swift; sourceTree = "<group>"; };
		23944EFA254C751700B0D67C /* HapticService.swift */ = {isa = PBXFileReference; lastKnownFileType = sourcecode.swift; path = HapticService.swift; sourceTree = "<group>"; };
		23B9D1E9254AECB900A5DAAD /* SeeAllPresenter.swift */ = {isa = PBXFileReference; lastKnownFileType = sourcecode.swift; path = SeeAllPresenter.swift; sourceTree = "<group>"; };
		23B9D1ED254AEDB700A5DAAD /* SeeAllRouter.swift */ = {isa = PBXFileReference; lastKnownFileType = sourcecode.swift; path = SeeAllRouter.swift; sourceTree = "<group>"; };
		23B9D1F0254AEDEE00A5DAAD /* SeeAllInteractor.swift */ = {isa = PBXFileReference; lastKnownFileType = sourcecode.swift; path = SeeAllInteractor.swift; sourceTree = "<group>"; };
		23D478AE25480B1800958D99 /* Submission-Capstone.app */ = {isa = PBXFileReference; explicitFileType = wrapper.application; includeInIndex = 0; path = "Submission-Capstone.app"; sourceTree = BUILT_PRODUCTS_DIR; };
		23D478B125480B1800958D99 /* AppDelegate.swift */ = {isa = PBXFileReference; lastKnownFileType = sourcecode.swift; path = AppDelegate.swift; sourceTree = "<group>"; };
		23D478B325480B1800958D99 /* SceneDelegate.swift */ = {isa = PBXFileReference; lastKnownFileType = sourcecode.swift; path = SceneDelegate.swift; sourceTree = "<group>"; };
		23D478B525480B1800958D99 /* HomeViewController.swift */ = {isa = PBXFileReference; lastKnownFileType = sourcecode.swift; path = HomeViewController.swift; sourceTree = "<group>"; };
		23D478BA25480B1A00958D99 /* Assets.xcassets */ = {isa = PBXFileReference; lastKnownFileType = folder.assetcatalog; path = Assets.xcassets; sourceTree = "<group>"; };
		23D478BD25480B1A00958D99 /* Base */ = {isa = PBXFileReference; lastKnownFileType = file.storyboard; name = Base; path = Base.lproj/LaunchScreen.storyboard; sourceTree = "<group>"; };
		23D478BF25480B1A00958D99 /* Info.plist */ = {isa = PBXFileReference; lastKnownFileType = text.plist.xml; path = Info.plist; sourceTree = "<group>"; };
		23D478DF2548105400958D99 /* .swiftlint.yml */ = {isa = PBXFileReference; lastKnownFileType = text.yaml; path = .swiftlint.yml; sourceTree = "<group>"; };
		23EAFF7D254D39860076DAB3 /* ProfileResponse.swift */ = {isa = PBXFileReference; lastKnownFileType = sourcecode.swift; path = ProfileResponse.swift; sourceTree = "<group>"; };
		23EAFF80254D399A0076DAB3 /* ProfileEntity.swift */ = {isa = PBXFileReference; lastKnownFileType = sourcecode.swift; path = ProfileEntity.swift; sourceTree = "<group>"; };
		23EAFF83254D3A370076DAB3 /* UserDefaultService.swift */ = {isa = PBXFileReference; lastKnownFileType = sourcecode.swift; path = UserDefaultService.swift; sourceTree = "<group>"; };
		23EAFF88254D3D710076DAB3 /* ProfileRepository.swift */ = {isa = PBXFileReference; lastKnownFileType = sourcecode.swift; path = ProfileRepository.swift; sourceTree = "<group>"; };
		23EAFF9D254D47440076DAB3 /* ProfileInteractor.swift */ = {isa = PBXFileReference; lastKnownFileType = sourcecode.swift; path = ProfileInteractor.swift; sourceTree = "<group>"; };
		23F55263254A69700086BB62 /* MediumSection.swift */ = {isa = PBXFileReference; lastKnownFileType = sourcecode.swift; path = MediumSection.swift; sourceTree = "<group>"; };
		23F55267254A6A1B0086BB62 /* MediumCollectionNode.swift */ = {isa = PBXFileReference; lastKnownFileType = sourcecode.swift; path = MediumCollectionNode.swift; sourceTree = "<group>"; };
		23F5526A254A6A260086BB62 /* MediumCellNode.swift */ = {isa = PBXFileReference; lastKnownFileType = sourcecode.swift; path = MediumCellNode.swift; sourceTree = "<group>"; };
		23F5526E254A6E830086BB62 /* NSAttributedString+ext.swift */ = {isa = PBXFileReference; lastKnownFileType = sourcecode.swift; path = "NSAttributedString+ext.swift"; sourceTree = "<group>"; };
		23F55289254A8BCC0086BB62 /* GridCollectionNode.swift */ = {isa = PBXFileReference; lastKnownFileType = sourcecode.swift; path = GridCollectionNode.swift; sourceTree = "<group>"; };
		23F5528C254A8BD40086BB62 /* GridCellNode.swift */ = {isa = PBXFileReference; lastKnownFileType = sourcecode.swift; path = GridCellNode.swift; sourceTree = "<group>"; };
		23F55290254A903D0086BB62 /* SmallSection.swift */ = {isa = PBXFileReference; lastKnownFileType = sourcecode.swift; path = SmallSection.swift; sourceTree = "<group>"; };
		23F55294254A90450086BB62 /* SmallCollectionNode.swift */ = {isa = PBXFileReference; lastKnownFileType = sourcecode.swift; path = SmallCollectionNode.swift; sourceTree = "<group>"; };
		23F55297254A904B0086BB62 /* SmallCellNode.swift */ = {isa = PBXFileReference; lastKnownFileType = sourcecode.swift; path = SmallCellNode.swift; sourceTree = "<group>"; };
		23F552A1254A93B70086BB62 /* DetailInteractor.swift */ = {isa = PBXFileReference; lastKnownFileType = sourcecode.swift; path = DetailInteractor.swift; sourceTree = "<group>"; };
		23F552A4254A940C0086BB62 /* DetailPresenter.swift */ = {isa = PBXFileReference; lastKnownFileType = sourcecode.swift; path = DetailPresenter.swift; sourceTree = "<group>"; };
		23F552AF254A970D0086BB62 /* DetailMovieResponse.swift */ = {isa = PBXFileReference; lastKnownFileType = sourcecode.swift; path = DetailMovieResponse.swift; sourceTree = "<group>"; };
		23F552B3254A98E50086BB62 /* DetailDataSource.swift */ = {isa = PBXFileReference; lastKnownFileType = sourcecode.swift; path = DetailDataSource.swift; sourceTree = "<group>"; };
		23F552B6254A9B640086BB62 /* DetailEntity.swift */ = {isa = PBXFileReference; lastKnownFileType = sourcecode.swift; path = DetailEntity.swift; sourceTree = "<group>"; };
		23F552B9254A9C100086BB62 /* DetailMovieRepository.swift */ = {isa = PBXFileReference; lastKnownFileType = sourcecode.swift; path = DetailMovieRepository.swift; sourceTree = "<group>"; };
		23F552BF254AA1150086BB62 /* DetailViewController.swift */ = {isa = PBXFileReference; lastKnownFileType = sourcecode.swift; path = DetailViewController.swift; sourceTree = "<group>"; };
		23F7DCFD254C265900D86A2B /* MovieRowCell.swift */ = {isa = PBXFileReference; lastKnownFileType = sourcecode.swift; path = MovieRowCell.swift; sourceTree = "<group>"; };
		23F7DD00254C26D400D86A2B /* UIView+ext.swift */ = {isa = PBXFileReference; lastKnownFileType = sourcecode.swift; path = "UIView+ext.swift"; sourceTree = "<group>"; };
		23F7DD07254C33B900D86A2B /* CoreDataService.swift */ = {isa = PBXFileReference; lastKnownFileType = sourcecode.swift; path = CoreDataService.swift; sourceTree = "<group>"; };
		23F7DD0C254C350800D86A2B /* Model.xcdatamodel */ = {isa = PBXFileReference; lastKnownFileType = wrapper.xcdatamodel; path = Model.xcdatamodel; sourceTree = "<group>"; };
		8A2340E26F39BE62A39BD711 /* Pods-Submission-Capstone.release.xcconfig */ = {isa = PBXFileReference; includeInIndex = 1; lastKnownFileType = text.xcconfig; name = "Pods-Submission-Capstone.release.xcconfig"; path = "Target Support Files/Pods-Submission-Capstone/Pods-Submission-Capstone.release.xcconfig"; sourceTree = "<group>"; };
		D1DB380CC88E3A9BE46FA9B4 /* Pods-Submission-Capstone.debug.xcconfig */ = {isa = PBXFileReference; includeInIndex = 1; lastKnownFileType = text.xcconfig; name = "Pods-Submission-Capstone.debug.xcconfig"; path = "Target Support Files/Pods-Submission-Capstone/Pods-Submission-Capstone.debug.xcconfig"; sourceTree = "<group>"; };
		EDEB7E65CA1A84C87F908DC4 /* Pods_Submission_Capstone.framework */ = {isa = PBXFileReference; explicitFileType = wrapper.framework; includeInIndex = 0; path = Pods_Submission_Capstone.framework; sourceTree = BUILT_PRODUCTS_DIR; };
/* End PBXFileReference section */

/* Begin PBXFrameworksBuildPhase section */
		23D478AB25480B1800958D99 /* Frameworks */ = {
			isa = PBXFrameworksBuildPhase;
			buildActionMask = 2147483647;
			files = (
				23D478DB25480F5E00958D99 /* Alamofire in Frameworks */,
				23D478D625480D5C00958D99 /* RxSwift in Frameworks */,
				23D478D425480D5C00958D99 /* RxCocoa in Frameworks */,
				32E29F9FE73478D540C88F99 /* Pods_Submission_Capstone.framework in Frameworks */,
				23F7DCFB254C252B00D86A2B /* SDWebImage in Frameworks */,
			);
			runOnlyForDeploymentPostprocessing = 0;
		};
/* End PBXFrameworksBuildPhase section */

/* Begin PBXGroup section */
		2359337B2549A64200A70291 /* DI */ = {
			isa = PBXGroup;
			children = (
				2359337C2549A64D00A70291 /* Injection.swift */,
			);
			path = DI;
			sourceTree = "<group>";
		};
		235933832549B2CE00A70291 /* Reusables */ = {
			isa = PBXGroup;
			children = (
				23F7DCFD254C265900D86A2B /* MovieRowCell.swift */,
			);
			path = Reusables;
			sourceTree = "<group>";
		};
		23647CB5255531FE00E6C11A /* Responses */ = {
			isa = PBXGroup;
			children = (
				23674E8A2548283F00AB7EEC /* MovieResponse.swift */,
				23F552AF254A970D0086BB62 /* DetailMovieResponse.swift */,
				23EAFF7D254D39860076DAB3 /* ProfileResponse.swift */,
			);
			path = Responses;
			sourceTree = "<group>";
		};
		23674E7D2548232A00AB7EEC /* Data */ = {
			isa = PBXGroup;
			children = (
				23647CB5255531FE00E6C11A /* Responses */,
				23D478E2254811D500958D99 /* DataSources */,
				23F552BC254A9C130086BB62 /* Repositories */,
			);
			path = Data;
			sourceTree = "<group>";
		};
		23674E7E2548233000AB7EEC /* Domain */ = {
			isa = PBXGroup;
			children = (
				23674E852548274100AB7EEC /* Model */,
				23674E9825482E2A00AB7EEC /* Interactor */,
			);
			path = Domain;
			sourceTree = "<group>";
		};
		23674E7F2548234900AB7EEC /* Utils */ = {
			isa = PBXGroup;
			children = (
				23F5526D254A6E730086BB62 /* Extensions */,
				23674E9325482DAD00AB7EEC /* Mapper */,
				23674E802548235B00AB7EEC /* Network */,
				23F7DD06254C339000D86A2B /* Services */,
			);
			path = Utils;
			sourceTree = "<group>";
		};
		23674E802548235B00AB7EEC /* Network */ = {
			isa = PBXGroup;
			children = (
				23674E812548236900AB7EEC /* APICall.swift */,
			);
			path = Network;
			sourceTree = "<group>";
		};
		23674E852548274100AB7EEC /* Model */ = {
			isa = PBXGroup;
			children = (
				23674E862548275200AB7EEC /* MovieEntity.swift */,
				23F552B6254A9B640086BB62 /* DetailEntity.swift */,
				23EAFF80254D399A0076DAB3 /* ProfileEntity.swift */,
				23647CB62555326800E6C11A /* WatchlistEntity.swift */,
			);
			path = Model;
			sourceTree = "<group>";
		};
		23674E9325482DAD00AB7EEC /* Mapper */ = {
			isa = PBXGroup;
			children = (
				23674E9425482DB700AB7EEC /* MovieMapper.swift */,
			);
			path = Mapper;
			sourceTree = "<group>";
		};
		23674E9825482E2A00AB7EEC /* Interactor */ = {
			isa = PBXGroup;
			children = (
				23674E9925482E4700AB7EEC /* HomeInteractor.swift */,
				23F552A1254A93B70086BB62 /* DetailInteractor.swift */,
				23B9D1F0254AEDEE00A5DAAD /* SeeAllInteractor.swift */,
				236BB7C5254BF78B00A9E04D /* SearchInteractor.swift */,
				236ACDF0254C552500A73E1B /* WatchlistInteractor.swift */,
				23EAFF9D254D47440076DAB3 /* ProfileInteractor.swift */,
			);
			path = Interactor;
			sourceTree = "<group>";
		};
		236BB78F254BC7DD00A9E04D /* Components */ = {
			isa = PBXGroup;
			children = (
				236BB790254BC7E900A9E04D /* TopNode.swift */,
				236BB798254BE55300A9E04D /* MiddleNode.swift */,
				236BB79C254BE55E00A9E04D /* BottomNode.swift */,
			);
			path = Components;
			sourceTree = "<group>";
		};
		236BB79F254BEEA600A9E04D /* Favorite */ = {
			isa = PBXGroup;
			children = (
				236BB7B5254BEFA900A9E04D /* WatchlistPresenter.swift */,
				236BB7B9254BEFB500A9E04D /* WatchlistViewController.swift */,
				236BB7BC254BEFE200A9E04D /* WatchlistRouter.swift */,
			);
			path = Favorite;
			sourceTree = "<group>";
		};
		236BB7A0254BEEBC00A9E04D /* Profile */ = {
			isa = PBXGroup;
			children = (
				236BB7AC254BEEFC00A9E04D /* ProfilePresenter.swift */,
				236BB7AF254BEF0700A9E04D /* ProfileViewController.swift */,
				238674B9254D36CE008A8111 /* Components */,
			);
			path = Profile;
			sourceTree = "<group>";
		};
		236BB7A1254BEEC100A9E04D /* Search */ = {
			isa = PBXGroup;
			children = (
				236BB7A3254BEEE400A9E04D /* SearchPresenter.swift */,
				236BB7A6254BEEEC00A9E04D /* SearchViewController.swift */,
				236BB7A9254BEEF200A9E04D /* SearchRouter.swift */,
			);
			path = Search;
			sourceTree = "<group>";
		};
		238674B9254D36CE008A8111 /* Components */ = {
			isa = PBXGroup;
			children = (
				238674BA254D36E4008A8111 /* HighlightNode.swift */,
				238674BD254D3701008A8111 /* ProfileCellNode.swift */,
			);
			path = Components;
			sourceTree = "<group>";
		};
		2393F0FF25559F7600089D1B /* Models */ = {
			isa = PBXGroup;
			children = (
				2393F10125559F8400089D1B /* MovieModel.swift */,
				2393F10425559F9200089D1B /* DetailModel.swift */,
				2393F10725559F9700089D1B /* ProfileModel.swift */,
				2393F10A25559F9D00089D1B /* WatchlistModel.swift */,
			);
			path = Models;
			sourceTree = "<group>";
		};
		23944F00254C79FB00B0D67C /* Components */ = {
			isa = PBXGroup;
			children = (
				23F5527D254A79570086BB62 /* LargeSection */,
				23F55280254A79670086BB62 /* MediumSection */,
				23F5528F254A90160086BB62 /* SmallSection */,
				23F55284254A87DC0086BB62 /* GirdSection */,
			);
			path = Components;
			sourceTree = "<group>";
		};
		23B9D1E4254AEC8F00A5DAAD /* SeeAllView */ = {
			isa = PBXGroup;
			children = (
				23B9D1E9254AECB900A5DAAD /* SeeAllPresenter.swift */,
				23B9D1ED254AEDB700A5DAAD /* SeeAllRouter.swift */,
			);
			path = SeeAllView;
			sourceTree = "<group>";
		};
		23D478A525480B1800958D99 = {
			isa = PBXGroup;
			children = (
				23D478DF2548105400958D99 /* .swiftlint.yml */,
				23D478B025480B1800958D99 /* Submission-Capstone */,
				23D478AF25480B1800958D99 /* Products */,
				821A9F1A9EE05FB8568D3D85 /* Pods */,
				D163050452F73EE167EFF1C6 /* Frameworks */,
			);
			sourceTree = "<group>";
		};
		23D478AF25480B1800958D99 /* Products */ = {
			isa = PBXGroup;
			children = (
				23D478AE25480B1800958D99 /* Submission-Capstone.app */,
			);
			name = Products;
			sourceTree = "<group>";
		};
		23D478B025480B1800958D99 /* Submission-Capstone */ = {
			isa = PBXGroup;
			children = (
				23D478C925480B4300958D99 /* App */,
				23D478C725480B3600958D99 /* Core */,
				23D478C825480B3B00958D99 /* Module */,
				23D478CA25480B5B00958D99 /* Supporting Files */,
			);
			path = "Submission-Capstone";
			sourceTree = "<group>";
		};
		23D478C725480B3600958D99 /* Core */ = {
			isa = PBXGroup;
			children = (
				23674E7D2548232A00AB7EEC /* Data */,
				23674E7E2548233000AB7EEC /* Domain */,
				2359337B2549A64200A70291 /* DI */,
				23674E7F2548234900AB7EEC /* Utils */,
			);
			path = Core;
			sourceTree = "<group>";
		};
		23D478C825480B3B00958D99 /* Module */ = {
			isa = PBXGroup;
			children = (
				2393F0FF25559F7600089D1B /* Models */,
				23D478CE25480CA700958D99 /* Home */,
				236BB7A1254BEEC100A9E04D /* Search */,
				236BB79F254BEEA600A9E04D /* Favorite */,
				236BB7A0254BEEBC00A9E04D /* Profile */,
				23F552A8254A94270086BB62 /* Detail */,
				23B9D1E4254AEC8F00A5DAAD /* SeeAllView */,
				235933832549B2CE00A70291 /* Reusables */,
			);
			path = Module;
			sourceTree = "<group>";
		};
		23D478C925480B4300958D99 /* App */ = {
			isa = PBXGroup;
			children = (
				23D478B125480B1800958D99 /* AppDelegate.swift */,
				23D478B325480B1800958D99 /* SceneDelegate.swift */,
				2359338C2549B6E200A70291 /* AppCoordinator.swift */,
			);
			path = App;
			sourceTree = "<group>";
		};
		23D478CA25480B5B00958D99 /* Supporting Files */ = {
			isa = PBXGroup;
			children = (
				23D478BA25480B1A00958D99 /* Assets.xcassets */,
				23F7DD0B254C350800D86A2B /* Submission-Capstone.xcdatamodeld */,
				23D478BC25480B1A00958D99 /* LaunchScreen.storyboard */,
				23D478BF25480B1A00958D99 /* Info.plist */,
			);
			path = "Supporting Files";
			sourceTree = "<group>";
		};
		23D478CE25480CA700958D99 /* Home */ = {
			isa = PBXGroup;
			children = (
				23674E9D25482EDF00AB7EEC /* HomePresenter.swift */,
				23D478B525480B1800958D99 /* HomeViewController.swift */,
				237A758B254941AE00AD5C4C /* HomeRouter.swift */,
				23944F00254C79FB00B0D67C /* Components */,
			);
			path = Home;
			sourceTree = "<group>";
		};
		23D478E2254811D500958D99 /* DataSources */ = {
			isa = PBXGroup;
			children = (
				23674E8D2548289500AB7EEC /* RemoteDataSource.swift */,
				236BB7BF254BF4F500A9E04D /* SearchDataSource.swift */,
				23F552B3254A98E50086BB62 /* DetailDataSource.swift */,
				238674D7254D38C7008A8111 /* ProfileDataSource.swift */,
				236ACDE8254C523B00A73E1B /* WatchlistDataSource.swift */,
			);
			path = DataSources;
			sourceTree = "<group>";
		};
		23F5526D254A6E730086BB62 /* Extensions */ = {
			isa = PBXGroup;
			children = (
				23F5526E254A6E830086BB62 /* NSAttributedString+ext.swift */,
				236BB78C254BC17400A9E04D /* String+ext.swift */,
				236BB794254BE53300A9E04D /* Array+ext.swift */,
				23F7DD00254C26D400D86A2B /* UIView+ext.swift */,
			);
			path = Extensions;
			sourceTree = "<group>";
		};
		23F5527D254A79570086BB62 /* LargeSection */ = {
			isa = PBXGroup;
			children = (
				235933962549C5E900A70291 /* LargeSection.swift */,
				235933852549B2F600A70291 /* LargeCollectionNode.swift */,
				235933892549B5A600A70291 /* LargeCellNode.swift */,
			);
			path = LargeSection;
			sourceTree = "<group>";
		};
		23F55280254A79670086BB62 /* MediumSection */ = {
			isa = PBXGroup;
			children = (
				23F55263254A69700086BB62 /* MediumSection.swift */,
				23F55267254A6A1B0086BB62 /* MediumCollectionNode.swift */,
				23F5526A254A6A260086BB62 /* MediumCellNode.swift */,
			);
			path = MediumSection;
			sourceTree = "<group>";
		};
		23F55284254A87DC0086BB62 /* GirdSection */ = {
			isa = PBXGroup;
			children = (
				23F55289254A8BCC0086BB62 /* GridCollectionNode.swift */,
				23F5528C254A8BD40086BB62 /* GridCellNode.swift */,
			);
			path = GirdSection;
			sourceTree = "<group>";
		};
		23F5528F254A90160086BB62 /* SmallSection */ = {
			isa = PBXGroup;
			children = (
				23F55290254A903D0086BB62 /* SmallSection.swift */,
				23F55294254A90450086BB62 /* SmallCollectionNode.swift */,
				23F55297254A904B0086BB62 /* SmallCellNode.swift */,
			);
			path = SmallSection;
			sourceTree = "<group>";
		};
		23F552A8254A94270086BB62 /* Detail */ = {
			isa = PBXGroup;
			children = (
				23F552A4254A940C0086BB62 /* DetailPresenter.swift */,
				23F552BF254AA1150086BB62 /* DetailViewController.swift */,
				236BB78F254BC7DD00A9E04D /* Components */,
			);
			path = Detail;
			sourceTree = "<group>";
		};
		23F552BC254A9C130086BB62 /* Repositories */ = {
			isa = PBXGroup;
			children = (
				23674E9025482AE500AB7EEC /* MoviesRepository.swift */,
				23F552B9254A9C100086BB62 /* DetailMovieRepository.swift */,
				236BB7C2254BF6B400A9E04D /* SearchMoviesRepository.swift */,
				236ACDEB254C542A00A73E1B /* WatchlistRepository.swift */,
				23EAFF88254D3D710076DAB3 /* ProfileRepository.swift */,
			);
			path = Repositories;
			sourceTree = "<group>";
		};
		23F7DD06254C339000D86A2B /* Services */ = {
			isa = PBXGroup;
			children = (
				23F7DD07254C33B900D86A2B /* CoreDataService.swift */,
				23944EFA254C751700B0D67C /* HapticService.swift */,
				23EAFF83254D3A370076DAB3 /* UserDefaultService.swift */,
			);
			path = Services;
			sourceTree = "<group>";
		};
		821A9F1A9EE05FB8568D3D85 /* Pods */ = {
			isa = PBXGroup;
			children = (
				D1DB380CC88E3A9BE46FA9B4 /* Pods-Submission-Capstone.debug.xcconfig */,
				8A2340E26F39BE62A39BD711 /* Pods-Submission-Capstone.release.xcconfig */,
			);
			path = Pods;
			sourceTree = "<group>";
		};
		D163050452F73EE167EFF1C6 /* Frameworks */ = {
			isa = PBXGroup;
			children = (
				EDEB7E65CA1A84C87F908DC4 /* Pods_Submission_Capstone.framework */,
			);
			name = Frameworks;
			sourceTree = "<group>";
		};
/* End PBXGroup section */

/* Begin PBXNativeTarget section */
		23D478AD25480B1800958D99 /* Submission-Capstone */ = {
			isa = PBXNativeTarget;
			buildConfigurationList = 23D478C225480B1A00958D99 /* Build configuration list for PBXNativeTarget "Submission-Capstone" */;
			buildPhases = (
				233BD1C9DFB24F90808F2B2A /* [CP] Check Pods Manifest.lock */,
				23D478AA25480B1800958D99 /* Sources */,
				23D478AB25480B1800958D99 /* Frameworks */,
				23D478AC25480B1800958D99 /* Resources */,
				23D478DD2548101100958D99 /* ShellScript */,
				C7F080E33913E50F70B12B11 /* [CP] Embed Pods Frameworks */,
			);
			buildRules = (
			);
			dependencies = (
			);
			name = "Submission-Capstone";
			packageProductDependencies = (
				23D478D325480D5C00958D99 /* RxCocoa */,
				23D478D525480D5C00958D99 /* RxSwift */,
				23D478DA25480F5E00958D99 /* Alamofire */,
				23F7DCFA254C252B00D86A2B /* SDWebImage */,
			);
			productName = "Submission-Capstone";
			productReference = 23D478AE25480B1800958D99 /* Submission-Capstone.app */;
			productType = "com.apple.product-type.application";
		};
/* End PBXNativeTarget section */

/* Begin PBXProject section */
		23D478A625480B1800958D99 /* Project object */ = {
			isa = PBXProject;
			attributes = {
				LastSwiftUpdateCheck = 1200;
				LastUpgradeCheck = 1200;
				TargetAttributes = {
					23D478AD25480B1800958D99 = {
						CreatedOnToolsVersion = 12.0.1;
					};
				};
			};
			buildConfigurationList = 23D478A925480B1800958D99 /* Build configuration list for PBXProject "Submission-Capstone" */;
			compatibilityVersion = "Xcode 9.3";
			developmentRegion = en;
			hasScannedForEncodings = 0;
			knownRegions = (
				en,
				Base,
			);
			mainGroup = 23D478A525480B1800958D99;
			packageReferences = (
				23D478D225480D5C00958D99 /* XCRemoteSwiftPackageReference "RxSwift" */,
				23D478D925480F5E00958D99 /* XCRemoteSwiftPackageReference "Alamofire" */,
				23F7DCF9254C252B00D86A2B /* XCRemoteSwiftPackageReference "SDWebImage" */,
			);
			productRefGroup = 23D478AF25480B1800958D99 /* Products */;
			projectDirPath = "";
			projectRoot = "";
			targets = (
				23D478AD25480B1800958D99 /* Submission-Capstone */,
			);
		};
/* End PBXProject section */

/* Begin PBXResourcesBuildPhase section */
		23D478AC25480B1800958D99 /* Resources */ = {
			isa = PBXResourcesBuildPhase;
			buildActionMask = 2147483647;
			files = (
				23D478E02548105400958D99 /* .swiftlint.yml in Resources */,
				23D478BE25480B1A00958D99 /* LaunchScreen.storyboard in Resources */,
				23D478BB25480B1A00958D99 /* Assets.xcassets in Resources */,
			);
			runOnlyForDeploymentPostprocessing = 0;
		};
/* End PBXResourcesBuildPhase section */

/* Begin PBXShellScriptBuildPhase section */
		233BD1C9DFB24F90808F2B2A /* [CP] Check Pods Manifest.lock */ = {
			isa = PBXShellScriptBuildPhase;
			buildActionMask = 2147483647;
			files = (
			);
			inputFileListPaths = (
			);
			inputPaths = (
				"${PODS_PODFILE_DIR_PATH}/Podfile.lock",
				"${PODS_ROOT}/Manifest.lock",
			);
			name = "[CP] Check Pods Manifest.lock";
			outputFileListPaths = (
			);
			outputPaths = (
				"$(DERIVED_FILE_DIR)/Pods-Submission-Capstone-checkManifestLockResult.txt",
			);
			runOnlyForDeploymentPostprocessing = 0;
			shellPath = /bin/sh;
			shellScript = "diff \"${PODS_PODFILE_DIR_PATH}/Podfile.lock\" \"${PODS_ROOT}/Manifest.lock\" > /dev/null\nif [ $? != 0 ] ; then\n    # print error to STDERR\n    echo \"error: The sandbox is not in sync with the Podfile.lock. Run 'pod install' or update your CocoaPods installation.\" >&2\n    exit 1\nfi\n# This output is used by Xcode 'outputs' to avoid re-running this script phase.\necho \"SUCCESS\" > \"${SCRIPT_OUTPUT_FILE_0}\"\n";
			showEnvVarsInLog = 0;
		};
		23D478DD2548101100958D99 /* ShellScript */ = {
			isa = PBXShellScriptBuildPhase;
			buildActionMask = 2147483647;
			files = (
			);
			inputFileListPaths = (
			);
			inputPaths = (
			);
			outputFileListPaths = (
			);
			outputPaths = (
			);
			runOnlyForDeploymentPostprocessing = 0;
			shellPath = /bin/sh;
			shellScript = "if which swiftlint >/dev/null; then \n    swiftlint \nelse \n    echo \"warning: SwiftLint not installed, download from https://github.com/realm/SwiftLint\" \nfi\n";
		};
		C7F080E33913E50F70B12B11 /* [CP] Embed Pods Frameworks */ = {
			isa = PBXShellScriptBuildPhase;
			buildActionMask = 2147483647;
			files = (
			);
			inputFileListPaths = (
				"${PODS_ROOT}/Target Support Files/Pods-Submission-Capstone/Pods-Submission-Capstone-frameworks-${CONFIGURATION}-input-files.xcfilelist",
			);
			name = "[CP] Embed Pods Frameworks";
			outputFileListPaths = (
				"${PODS_ROOT}/Target Support Files/Pods-Submission-Capstone/Pods-Submission-Capstone-frameworks-${CONFIGURATION}-output-files.xcfilelist",
			);
			runOnlyForDeploymentPostprocessing = 0;
			shellPath = /bin/sh;
			shellScript = "\"${PODS_ROOT}/Target Support Files/Pods-Submission-Capstone/Pods-Submission-Capstone-frameworks.sh\"\n";
			showEnvVarsInLog = 0;
		};
/* End PBXShellScriptBuildPhase section */

/* Begin PBXSourcesBuildPhase section */
		23D478AA25480B1800958D99 /* Sources */ = {
			isa = PBXSourcesBuildPhase;
			buildActionMask = 2147483647;
			files = (
				23EAFF81254D399A0076DAB3 /* ProfileEntity.swift in Sources */,
				23B9D1F1254AEDEE00A5DAAD /* SeeAllInteractor.swift in Sources */,
				23EAFF9E254D47440076DAB3 /* ProfileInteractor.swift in Sources */,
				23F5528A254A8BCC0086BB62 /* GridCollectionNode.swift in Sources */,
				236ACDF1254C552500A73E1B /* WatchlistInteractor.swift in Sources */,
				23F5528D254A8BD40086BB62 /* GridCellNode.swift in Sources */,
				236BB799254BE55300A9E04D /* MiddleNode.swift in Sources */,
				236BB795254BE53300A9E04D /* Array+ext.swift in Sources */,
				23944EFB254C751700B0D67C /* HapticService.swift in Sources */,
				238674BE254D3701008A8111 /* ProfileCellNode.swift in Sources */,
				236BB791254BC7E900A9E04D /* TopNode.swift in Sources */,
				236BB7C6254BF78B00A9E04D /* SearchInteractor.swift in Sources */,
				238674D8254D38C7008A8111 /* ProfileDataSource.swift in Sources */,
				236BB7C0254BF4F500A9E04D /* SearchDataSource.swift in Sources */,
				2359338A2549B5A600A70291 /* LargeCellNode.swift in Sources */,
				2359337D2549A64D00A70291 /* Injection.swift in Sources */,
				236BB78D254BC17400A9E04D /* String+ext.swift in Sources */,
				23F55264254A69700086BB62 /* MediumSection.swift in Sources */,
				23EAFF7E254D39860076DAB3 /* ProfileResponse.swift in Sources */,
				23F5526F254A6E830086BB62 /* NSAttributedString+ext.swift in Sources */,
				23F552B0254A970D0086BB62 /* DetailMovieResponse.swift in Sources */,
				23D478B625480B1800958D99 /* HomeViewController.swift in Sources */,
				23674E8E2548289500AB7EEC /* RemoteDataSource.swift in Sources */,
				2359338D2549B6E200A70291 /* AppCoordinator.swift in Sources */,
				23F7DD0D254C350800D86A2B /* Submission-Capstone.xcdatamodeld in Sources */,
				2393F10525559F9200089D1B /* DetailModel.swift in Sources */,
				236BB7C3254BF6B400A9E04D /* SearchMoviesRepository.swift in Sources */,
				238674BB254D36E4008A8111 /* HighlightNode.swift in Sources */,
				23EAFF89254D3D710076DAB3 /* ProfileRepository.swift in Sources */,
				236BB7A7254BEEEC00A9E04D /* SearchViewController.swift in Sources */,
				23F7DD01254C26D400D86A2B /* UIView+ext.swift in Sources */,
				23F552BA254A9C100086BB62 /* DetailMovieRepository.swift in Sources */,
				236BB79D254BE55E00A9E04D /* BottomNode.swift in Sources */,
				23D478B225480B1800958D99 /* AppDelegate.swift in Sources */,
				23F552A2254A93B70086BB62 /* DetailInteractor.swift in Sources */,
				236BB7BD254BEFE200A9E04D /* WatchlistRouter.swift in Sources */,
				235933972549C5E900A70291 /* LargeSection.swift in Sources */,
				23EAFF84254D3A370076DAB3 /* UserDefaultService.swift in Sources */,
				236BB7A4254BEEE400A9E04D /* SearchPresenter.swift in Sources */,
				23F5526B254A6A260086BB62 /* MediumCellNode.swift in Sources */,
				236BB7AD254BEEFC00A9E04D /* ProfilePresenter.swift in Sources */,
				23674E9A25482E4700AB7EEC /* HomeInteractor.swift in Sources */,
				23647CB72555326800E6C11A /* WatchlistEntity.swift in Sources */,
				2393F10225559F8400089D1B /* MovieModel.swift in Sources */,
				236BB7AA254BEEF200A9E04D /* SearchRouter.swift in Sources */,
				23B9D1EA254AECB900A5DAAD /* SeeAllPresenter.swift in Sources */,
				23F552B7254A9B640086BB62 /* DetailEntity.swift in Sources */,
				23F55268254A6A1B0086BB62 /* MediumCollectionNode.swift in Sources */,
				23F552C0254AA1150086BB62 /* DetailViewController.swift in Sources */,
				23F55298254A904B0086BB62 /* SmallCellNode.swift in Sources */,
				236BB7BA254BEFB500A9E04D /* WatchlistViewController.swift in Sources */,
				23B9D1EE254AEDB700A5DAAD /* SeeAllRouter.swift in Sources */,
				23F55291254A903D0086BB62 /* SmallSection.swift in Sources */,
				23F552B4254A98E50086BB62 /* DetailDataSource.swift in Sources */,
				23F7DCFE254C265900D86A2B /* MovieRowCell.swift in Sources */,
				23F552A5254A940C0086BB62 /* DetailPresenter.swift in Sources */,
				235933862549B2F600A70291 /* LargeCollectionNode.swift in Sources */,
				236ACDEC254C542A00A73E1B /* WatchlistRepository.swift in Sources */,
				23674E9525482DB700AB7EEC /* MovieMapper.swift in Sources */,
				237A758C254941AE00AD5C4C /* HomeRouter.swift in Sources */,
				236BB7B0254BEF0700A9E04D /* ProfileViewController.swift in Sources */,
				23674E872548275200AB7EEC /* MovieEntity.swift in Sources */,
				23674E9125482AE500AB7EEC /* MoviesRepository.swift in Sources */,
				2393F10825559F9700089D1B /* ProfileModel.swift in Sources */,
				23674E8B2548283F00AB7EEC /* MovieResponse.swift in Sources */,
				236ACDE9254C523B00A73E1B /* WatchlistDataSource.swift in Sources */,
				236BB7B6254BEFA900A9E04D /* WatchlistPresenter.swift in Sources */,
				23674E9E25482EDF00AB7EEC /* HomePresenter.swift in Sources */,
				23674E822548236900AB7EEC /* APICall.swift in Sources */,
				23D478B425480B1800958D99 /* SceneDelegate.swift in Sources */,
				2393F10B25559F9D00089D1B /* WatchlistModel.swift in Sources */,
				23F55295254A90450086BB62 /* SmallCollectionNode.swift in Sources */,
				23F7DD08254C33B900D86A2B /* CoreDataService.swift in Sources */,
			);
			runOnlyForDeploymentPostprocessing = 0;
		};
/* End PBXSourcesBuildPhase section */

/* Begin PBXVariantGroup section */
		23D478BC25480B1A00958D99 /* LaunchScreen.storyboard */ = {
			isa = PBXVariantGroup;
			children = (
				23D478BD25480B1A00958D99 /* Base */,
			);
			name = LaunchScreen.storyboard;
			sourceTree = "<group>";
		};
/* End PBXVariantGroup section */

/* Begin XCBuildConfiguration section */
		23D478C025480B1A00958D99 /* Debug */ = {
			isa = XCBuildConfiguration;
			buildSettings = {
				ALWAYS_SEARCH_USER_PATHS = NO;
				CLANG_ANALYZER_NONNULL = YES;
				CLANG_ANALYZER_NUMBER_OBJECT_CONVERSION = YES_AGGRESSIVE;
				CLANG_CXX_LANGUAGE_STANDARD = "gnu++14";
				CLANG_CXX_LIBRARY = "libc++";
				CLANG_ENABLE_MODULES = YES;
				CLANG_ENABLE_OBJC_ARC = YES;
				CLANG_ENABLE_OBJC_WEAK = YES;
				CLANG_WARN_BLOCK_CAPTURE_AUTORELEASING = YES;
				CLANG_WARN_BOOL_CONVERSION = YES;
				CLANG_WARN_COMMA = YES;
				CLANG_WARN_CONSTANT_CONVERSION = YES;
				CLANG_WARN_DEPRECATED_OBJC_IMPLEMENTATIONS = YES;
				CLANG_WARN_DIRECT_OBJC_ISA_USAGE = YES_ERROR;
				CLANG_WARN_DOCUMENTATION_COMMENTS = YES;
				CLANG_WARN_EMPTY_BODY = YES;
				CLANG_WARN_ENUM_CONVERSION = YES;
				CLANG_WARN_INFINITE_RECURSION = YES;
				CLANG_WARN_INT_CONVERSION = YES;
				CLANG_WARN_NON_LITERAL_NULL_CONVERSION = YES;
				CLANG_WARN_OBJC_IMPLICIT_RETAIN_SELF = YES;
				CLANG_WARN_OBJC_LITERAL_CONVERSION = YES;
				CLANG_WARN_OBJC_ROOT_CLASS = YES_ERROR;
				CLANG_WARN_QUOTED_INCLUDE_IN_FRAMEWORK_HEADER = YES;
				CLANG_WARN_RANGE_LOOP_ANALYSIS = YES;
				CLANG_WARN_STRICT_PROTOTYPES = YES;
				CLANG_WARN_SUSPICIOUS_MOVE = YES;
				CLANG_WARN_UNGUARDED_AVAILABILITY = YES_AGGRESSIVE;
				CLANG_WARN_UNREACHABLE_CODE = YES;
				CLANG_WARN__DUPLICATE_METHOD_MATCH = YES;
				COPY_PHASE_STRIP = NO;
				DEBUG_INFORMATION_FORMAT = dwarf;
				ENABLE_STRICT_OBJC_MSGSEND = YES;
				ENABLE_TESTABILITY = YES;
				GCC_C_LANGUAGE_STANDARD = gnu11;
				GCC_DYNAMIC_NO_PIC = NO;
				GCC_NO_COMMON_BLOCKS = YES;
				GCC_OPTIMIZATION_LEVEL = 0;
				GCC_PREPROCESSOR_DEFINITIONS = (
					"DEBUG=1",
					"$(inherited)",
				);
				GCC_WARN_64_TO_32_BIT_CONVERSION = YES;
				GCC_WARN_ABOUT_RETURN_TYPE = YES_ERROR;
				GCC_WARN_UNDECLARED_SELECTOR = YES;
				GCC_WARN_UNINITIALIZED_AUTOS = YES_AGGRESSIVE;
				GCC_WARN_UNUSED_FUNCTION = YES;
				GCC_WARN_UNUSED_VARIABLE = YES;
				IPHONEOS_DEPLOYMENT_TARGET = 14.0;
				MTL_ENABLE_DEBUG_INFO = INCLUDE_SOURCE;
				MTL_FAST_MATH = YES;
				ONLY_ACTIVE_ARCH = YES;
				SDKROOT = iphoneos;
				SWIFT_ACTIVE_COMPILATION_CONDITIONS = DEBUG;
				SWIFT_OPTIMIZATION_LEVEL = "-Onone";
			};
			name = Debug;
		};
		23D478C125480B1A00958D99 /* Release */ = {
			isa = XCBuildConfiguration;
			buildSettings = {
				ALWAYS_SEARCH_USER_PATHS = NO;
				CLANG_ANALYZER_NONNULL = YES;
				CLANG_ANALYZER_NUMBER_OBJECT_CONVERSION = YES_AGGRESSIVE;
				CLANG_CXX_LANGUAGE_STANDARD = "gnu++14";
				CLANG_CXX_LIBRARY = "libc++";
				CLANG_ENABLE_MODULES = YES;
				CLANG_ENABLE_OBJC_ARC = YES;
				CLANG_ENABLE_OBJC_WEAK = YES;
				CLANG_WARN_BLOCK_CAPTURE_AUTORELEASING = YES;
				CLANG_WARN_BOOL_CONVERSION = YES;
				CLANG_WARN_COMMA = YES;
				CLANG_WARN_CONSTANT_CONVERSION = YES;
				CLANG_WARN_DEPRECATED_OBJC_IMPLEMENTATIONS = YES;
				CLANG_WARN_DIRECT_OBJC_ISA_USAGE = YES_ERROR;
				CLANG_WARN_DOCUMENTATION_COMMENTS = YES;
				CLANG_WARN_EMPTY_BODY = YES;
				CLANG_WARN_ENUM_CONVERSION = YES;
				CLANG_WARN_INFINITE_RECURSION = YES;
				CLANG_WARN_INT_CONVERSION = YES;
				CLANG_WARN_NON_LITERAL_NULL_CONVERSION = YES;
				CLANG_WARN_OBJC_IMPLICIT_RETAIN_SELF = YES;
				CLANG_WARN_OBJC_LITERAL_CONVERSION = YES;
				CLANG_WARN_OBJC_ROOT_CLASS = YES_ERROR;
				CLANG_WARN_QUOTED_INCLUDE_IN_FRAMEWORK_HEADER = YES;
				CLANG_WARN_RANGE_LOOP_ANALYSIS = YES;
				CLANG_WARN_STRICT_PROTOTYPES = YES;
				CLANG_WARN_SUSPICIOUS_MOVE = YES;
				CLANG_WARN_UNGUARDED_AVAILABILITY = YES_AGGRESSIVE;
				CLANG_WARN_UNREACHABLE_CODE = YES;
				CLANG_WARN__DUPLICATE_METHOD_MATCH = YES;
				COPY_PHASE_STRIP = NO;
				DEBUG_INFORMATION_FORMAT = "dwarf-with-dsym";
				ENABLE_NS_ASSERTIONS = NO;
				ENABLE_STRICT_OBJC_MSGSEND = YES;
				GCC_C_LANGUAGE_STANDARD = gnu11;
				GCC_NO_COMMON_BLOCKS = YES;
				GCC_WARN_64_TO_32_BIT_CONVERSION = YES;
				GCC_WARN_ABOUT_RETURN_TYPE = YES_ERROR;
				GCC_WARN_UNDECLARED_SELECTOR = YES;
				GCC_WARN_UNINITIALIZED_AUTOS = YES_AGGRESSIVE;
				GCC_WARN_UNUSED_FUNCTION = YES;
				GCC_WARN_UNUSED_VARIABLE = YES;
				IPHONEOS_DEPLOYMENT_TARGET = 14.0;
				MTL_ENABLE_DEBUG_INFO = NO;
				MTL_FAST_MATH = YES;
				SDKROOT = iphoneos;
				SWIFT_COMPILATION_MODE = wholemodule;
				SWIFT_OPTIMIZATION_LEVEL = "-O";
				VALIDATE_PRODUCT = YES;
			};
			name = Release;
		};
		23D478C325480B1A00958D99 /* Debug */ = {
			isa = XCBuildConfiguration;
			baseConfigurationReference = D1DB380CC88E3A9BE46FA9B4 /* Pods-Submission-Capstone.debug.xcconfig */;
			buildSettings = {
				ASSETCATALOG_COMPILER_APPICON_NAME = AppIcon;
				ASSETCATALOG_COMPILER_GLOBAL_ACCENT_COLOR_NAME = AccentColor;
				CODE_SIGN_STYLE = Automatic;
				DEVELOPMENT_TEAM = S9J6B4A78J;
				INFOPLIST_FILE = "Submission-Capstone/Supporting Files/Info.plist";
				IPHONEOS_DEPLOYMENT_TARGET = 13.0;
				LD_RUNPATH_SEARCH_PATHS = (
					"$(inherited)",
					"@executable_path/Frameworks",
				);
				PRODUCT_BUNDLE_IDENTIFIER = "com.windy.Submission-Capstone";
				PRODUCT_NAME = "$(TARGET_NAME)";
				SWIFT_VERSION = 5.0;
				TARGETED_DEVICE_FAMILY = "1,2";
			};
			name = Debug;
		};
		23D478C425480B1A00958D99 /* Release */ = {
			isa = XCBuildConfiguration;
			baseConfigurationReference = 8A2340E26F39BE62A39BD711 /* Pods-Submission-Capstone.release.xcconfig */;
			buildSettings = {
				ASSETCATALOG_COMPILER_APPICON_NAME = AppIcon;
				ASSETCATALOG_COMPILER_GLOBAL_ACCENT_COLOR_NAME = AccentColor;
				CODE_SIGN_STYLE = Automatic;
				DEVELOPMENT_TEAM = S9J6B4A78J;
				INFOPLIST_FILE = "Submission-Capstone/Supporting Files/Info.plist";
				IPHONEOS_DEPLOYMENT_TARGET = 13.0;
				LD_RUNPATH_SEARCH_PATHS = (
					"$(inherited)",
					"@executable_path/Frameworks",
				);
				PRODUCT_BUNDLE_IDENTIFIER = "com.windy.Submission-Capstone";
				PRODUCT_NAME = "$(TARGET_NAME)";
				SWIFT_VERSION = 5.0;
				TARGETED_DEVICE_FAMILY = "1,2";
			};
			name = Release;
		};
/* End XCBuildConfiguration section */

/* Begin XCConfigurationList section */
		23D478A925480B1800958D99 /* Build configuration list for PBXProject "Submission-Capstone" */ = {
			isa = XCConfigurationList;
			buildConfigurations = (
				23D478C025480B1A00958D99 /* Debug */,
				23D478C125480B1A00958D99 /* Release */,
			);
			defaultConfigurationIsVisible = 0;
			defaultConfigurationName = Release;
		};
		23D478C225480B1A00958D99 /* Build configuration list for PBXNativeTarget "Submission-Capstone" */ = {
			isa = XCConfigurationList;
			buildConfigurations = (
				23D478C325480B1A00958D99 /* Debug */,
				23D478C425480B1A00958D99 /* Release */,
			);
			defaultConfigurationIsVisible = 0;
			defaultConfigurationName = Release;
		};
/* End XCConfigurationList section */

/* Begin XCRemoteSwiftPackageReference section */
		23D478D225480D5C00958D99 /* XCRemoteSwiftPackageReference "RxSwift" */ = {
			isa = XCRemoteSwiftPackageReference;
			repositoryURL = "https://github.com/ReactiveX/RxSwift";
			requirement = {
				kind = upToNextMajorVersion;
				minimumVersion = 5.1.1;
			};
		};
		23D478D925480F5E00958D99 /* XCRemoteSwiftPackageReference "Alamofire" */ = {
			isa = XCRemoteSwiftPackageReference;
			repositoryURL = "https://github.com/Alamofire/Alamofire.git";
			requirement = {
				kind = upToNextMajorVersion;
				minimumVersion = 5.3.0;
			};
		};
		23F7DCF9254C252B00D86A2B /* XCRemoteSwiftPackageReference "SDWebImage" */ = {
			isa = XCRemoteSwiftPackageReference;
			repositoryURL = "https://github.com/SDWebImage/SDWebImage.git";
			requirement = {
				kind = upToNextMajorVersion;
				minimumVersion = 5.9.4;
			};
		};
/* End XCRemoteSwiftPackageReference section */

/* Begin XCSwiftPackageProductDependency section */
		23D478D325480D5C00958D99 /* RxCocoa */ = {
			isa = XCSwiftPackageProductDependency;
			package = 23D478D225480D5C00958D99 /* XCRemoteSwiftPackageReference "RxSwift" */;
			productName = RxCocoa;
		};
		23D478D525480D5C00958D99 /* RxSwift */ = {
			isa = XCSwiftPackageProductDependency;
			package = 23D478D225480D5C00958D99 /* XCRemoteSwiftPackageReference "RxSwift" */;
			productName = RxSwift;
		};
		23D478DA25480F5E00958D99 /* Alamofire */ = {
			isa = XCSwiftPackageProductDependency;
			package = 23D478D925480F5E00958D99 /* XCRemoteSwiftPackageReference "Alamofire" */;
			productName = Alamofire;
		};
		23F7DCFA254C252B00D86A2B /* SDWebImage */ = {
			isa = XCSwiftPackageProductDependency;
			package = 23F7DCF9254C252B00D86A2B /* XCRemoteSwiftPackageReference "SDWebImage" */;
			productName = SDWebImage;
		};
/* End XCSwiftPackageProductDependency section */

/* Begin XCVersionGroup section */
		23F7DD0B254C350800D86A2B /* Submission-Capstone.xcdatamodeld */ = {
			isa = XCVersionGroup;
			children = (
				23F7DD0C254C350800D86A2B /* Model.xcdatamodel */,
			);
			currentVersion = 23F7DD0C254C350800D86A2B /* Model.xcdatamodel */;
			path = "Submission-Capstone.xcdatamodeld";
			sourceTree = "<group>";
			versionGroupType = wrapper.xcdatamodel;
		};
/* End XCVersionGroup section */
	};
	rootObject = 23D478A625480B1800958D99 /* Project object */;
}
